
Microsoft Visual Studio Solution File, Format Version 12.00
# Visual Studio 15
VisualStudioVersion = 15.0.27428.2037
MinimumVisualStudioVersion = 10.0.40219.1
Project("{FAE04EC0-301F-11D3-BF4B-00C04F79EFBC}") = "Foksal", "Foksal\Foksal.csproj", "{78657B45-5DE5-4C70-A6E9-AB99CF36FA24}"
EndProject
Project("{FAE04EC0-301F-11D3-BF4B-00C04F79EFBC}") = "BLL", "BLL\BLL.csproj", "{5A0BB365-4503-4AE2-B033-5E094337B1E8}"
EndProject
Global
	GlobalSection(SolutionConfigurationPlatforms) = preSolution
		Debug|Any CPU = Debug|Any CPU
		Release|Any CPU = Release|Any CPU
	EndGlobalSection
	GlobalSection(ProjectConfigurationPlatforms) = postSolution
		{78657B45-5DE5-4C70-A6E9-AB99CF36FA24}.Debug|Any CPU.ActiveCfg = Debug|Any CPU
		{78657B45-5DE5-4C70-A6E9-AB99CF36FA24}.Debug|Any CPU.Build.0 = Debug|Any CPU
		{78657B45-5DE5-4C70-A6E9-AB99CF36FA24}.Release|Any CPU.ActiveCfg = Release|Any CPU
		{78657B45-5DE5-4C70-A6E9-AB99CF36FA24}.Release|Any CPU.Build.0 = Release|Any CPU
		{5A0BB365-4503-4AE2-B033-5E094337B1E8}.Debug|Any CPU.ActiveCfg = Debug|Any CPU
		{5A0BB365-4503-4AE2-B033-5E094337B1E8}.Debug|Any CPU.Build.0 = Debug|Any CPU
		{5A0BB365-4503-4AE2-B033-5E094337B1E8}.Release|Any CPU.ActiveCfg = Release|Any CPU
		{5A0BB365-4503-4AE2-B033-5E094337B1E8}.Release|Any CPU.Build.0 = Release|Any CPU
	EndGlobalSection
	GlobalSection(SolutionProperties) = preSolution
		HideSolutionNode = FALSE
	EndGlobalSection
	GlobalSection(ExtensibilityGlobals) = postSolution
		SolutionGuid = {8D80F814-E3E1-449B-B114-430A41B4C53C}
	EndGlobalSection
EndGlobal
